
Microsoft Visual Studio Solution File, Format Version 12.00
# Visual Studio Version 17
VisualStudioVersion = 17.4.33213.308
MinimumVisualStudioVersion = 10.0.40219.1
Project("{FAE04EC0-301F-11D3-BF4B-00C04F79EFBC}") = "Conditionals", "Conditionals\Conditionals.csproj", "{894646D6-148B-47C4-9C9B-267E8A5B7712}"
EndProject
Global
	GlobalSection(SolutionConfigurationPlatforms) = preSolution
		Debug|Any CPU = Debug|Any CPU
		Release|Any CPU = Release|Any CPU
	EndGlobalSection
	GlobalSection(ProjectConfigurationPlatforms) = postSolution
		{894646D6-148B-47C4-9C9B-267E8A5B7712}.Debug|Any CPU.ActiveCfg = Debug|Any CPU
		{894646D6-148B-47C4-9C9B-267E8A5B7712}.Debug|Any CPU.Build.0 = Debug|Any CPU
		{894646D6-148B-47C4-9C9B-267E8A5B7712}.Release|Any CPU.ActiveCfg = Release|Any CPU
		{894646D6-148B-47C4-9C9B-267E8A5B7712}.Release|Any CPU.Build.0 = Release|Any CPU
	EndGlobalSection
	GlobalSection(SolutionProperties) = preSolution
		HideSolutionNode = FALSE
	EndGlobalSection
	GlobalSection(ExtensibilityGlobals) = postSolution
		SolutionGuid = {1EAB8DCF-3C36-4F84-A2BD-2E5124A89E09}
	EndGlobalSection
EndGlobal
