
Microsoft Visual Studio Solution File, Format Version 12.00
# Visual Studio Version 17
VisualStudioVersion = 17.1.32421.90
MinimumVisualStudioVersion = 10.0.40219.1
Project("{FAE04EC0-301F-11D3-BF4B-00C04F79EFBC}") = "LendingLibrary", "LendingLibrary\LendingLibrary.csproj", "{ED3B9FFB-FD31-408B-8242-B0CBF7A24925}"
EndProject
Project("{FAE04EC0-301F-11D3-BF4B-00C04F79EFBC}") = "TestProject", "TestProject\TestProject.csproj", "{9811C4D5-2098-4CE2-8490-A90C944299A0}"
EndProject
Global
	GlobalSection(SolutionConfigurationPlatforms) = preSolution
		Debug|Any CPU = Debug|Any CPU
		Release|Any CPU = Release|Any CPU
	EndGlobalSection
	GlobalSection(ProjectConfigurationPlatforms) = postSolution
		{ED3B9FFB-FD31-408B-8242-B0CBF7A24925}.Debug|Any CPU.ActiveCfg = Debug|Any CPU
		{ED3B9FFB-FD31-408B-8242-B0CBF7A24925}.Debug|Any CPU.Build.0 = Debug|Any CPU
		{ED3B9FFB-FD31-408B-8242-B0CBF7A24925}.Release|Any CPU.ActiveCfg = Release|Any CPU
		{ED3B9FFB-FD31-408B-8242-B0CBF7A24925}.Release|Any CPU.Build.0 = Release|Any CPU
		{9811C4D5-2098-4CE2-8490-A90C944299A0}.Debug|Any CPU.ActiveCfg = Debug|Any CPU
		{9811C4D5-2098-4CE2-8490-A90C944299A0}.Debug|Any CPU.Build.0 = Debug|Any CPU
		{9811C4D5-2098-4CE2-8490-A90C944299A0}.Release|Any CPU.ActiveCfg = Release|Any CPU
		{9811C4D5-2098-4CE2-8490-A90C944299A0}.Release|Any CPU.Build.0 = Release|Any CPU
	EndGlobalSection
	GlobalSection(SolutionProperties) = preSolution
		HideSolutionNode = FALSE
	EndGlobalSection
	GlobalSection(ExtensibilityGlobals) = postSolution
		SolutionGuid = {BA74838D-778A-42EB-A209-5CC904250C27}
	EndGlobalSection
EndGlobal
