
Microsoft Visual Studio Solution File, Format Version 12.00
# Visual Studio Version 17
VisualStudioVersion = 17.5.33516.290
MinimumVisualStudioVersion = 10.0.40219.1
Project("{FAE04EC0-301F-11D3-BF4B-00C04F79EFBC}") = "QAForum", "QAForum\QAForum.csproj", "{F6B08D5D-106E-4399-8BD1-6E20C5834819}"
EndProject
Project("{FAE04EC0-301F-11D3-BF4B-00C04F79EFBC}") = "SeedDatabase", "SeedDatabase\SeedDatabase.csproj", "{0F94DDB6-D008-49C3-9F1A-22276C0602E9}"
EndProject
Global
	GlobalSection(SolutionConfigurationPlatforms) = preSolution
		Debug|Any CPU = Debug|Any CPU
		Release|Any CPU = Release|Any CPU
	EndGlobalSection
	GlobalSection(ProjectConfigurationPlatforms) = postSolution
		{F6B08D5D-106E-4399-8BD1-6E20C5834819}.Debug|Any CPU.ActiveCfg = Debug|Any CPU
		{F6B08D5D-106E-4399-8BD1-6E20C5834819}.Debug|Any CPU.Build.0 = Debug|Any CPU
		{F6B08D5D-106E-4399-8BD1-6E20C5834819}.Release|Any CPU.ActiveCfg = Release|Any CPU
		{F6B08D5D-106E-4399-8BD1-6E20C5834819}.Release|Any CPU.Build.0 = Release|Any CPU
		{0F94DDB6-D008-49C3-9F1A-22276C0602E9}.Debug|Any CPU.ActiveCfg = Debug|Any CPU
		{0F94DDB6-D008-49C3-9F1A-22276C0602E9}.Debug|Any CPU.Build.0 = Debug|Any CPU
		{0F94DDB6-D008-49C3-9F1A-22276C0602E9}.Release|Any CPU.ActiveCfg = Release|Any CPU
		{0F94DDB6-D008-49C3-9F1A-22276C0602E9}.Release|Any CPU.Build.0 = Release|Any CPU
	EndGlobalSection
	GlobalSection(SolutionProperties) = preSolution
		HideSolutionNode = FALSE
	EndGlobalSection
	GlobalSection(ExtensibilityGlobals) = postSolution
		SolutionGuid = {0255AFAE-F7C1-4578-BF78-2F46F63B7A9F}
	EndGlobalSection
EndGlobal
