
Microsoft Visual Studio Solution File, Format Version 12.00
# Visual Studio Version 17
VisualStudioVersion = 17.4.33213.308
MinimumVisualStudioVersion = 10.0.40219.1
Project("{9A19103F-16F7-4668-BE54-9A1E7A4F7556}") = "QAForum", "QAForum\QAForum.csproj", "{3EBD03F6-E98B-47A3-BF47-E78BDA2235BC}"
EndProject
Global
	GlobalSection(SolutionConfigurationPlatforms) = preSolution
		Debug|Any CPU = Debug|Any CPU
		Release|Any CPU = Release|Any CPU
	EndGlobalSection
	GlobalSection(ProjectConfigurationPlatforms) = postSolution
		{3EBD03F6-E98B-47A3-BF47-E78BDA2235BC}.Debug|Any CPU.ActiveCfg = Debug|Any CPU
		{3EBD03F6-E98B-47A3-BF47-E78BDA2235BC}.Debug|Any CPU.Build.0 = Debug|Any CPU
		{3EBD03F6-E98B-47A3-BF47-E78BDA2235BC}.Release|Any CPU.ActiveCfg = Release|Any CPU
		{3EBD03F6-E98B-47A3-BF47-E78BDA2235BC}.Release|Any CPU.Build.0 = Release|Any CPU
	EndGlobalSection
	GlobalSection(SolutionProperties) = preSolution
		HideSolutionNode = FALSE
	EndGlobalSection
	GlobalSection(ExtensibilityGlobals) = postSolution
		SolutionGuid = {EF4E24A6-4B66-4C98-A53F-DFEB62C1ED9C}
	EndGlobalSection
EndGlobal
